// !$*UTF8*$!
{
	archiveVersion = 1;
	classes = {
	};
	objectVersion = 51;
	objects = {

/* Begin PBXBuildFile section */
		14305D512465037100B4CB3F /* NSDate+Helper.swift in Sources */ = {isa = PBXBuildFile; fileRef = 14305D502465037100B4CB3F /* NSDate+Helper.swift */; };
		143F44A02491DCAC00ED160A /* Person.m in Sources */ = {isa = PBXBuildFile; fileRef = 143F449F2491DCAC00ED160A /* Person.m */; };
		143F44A32491E83600ED160A /* NSObject+KVO.m in Sources */ = {isa = PBXBuildFile; fileRef = 143F44A22491E83600ED160A /* NSObject+KVO.m */; };
		143F44A62491F0BC00ED160A /* KVOViewController.m in Sources */ = {isa = PBXBuildFile; fileRef = 143F44A52491F0BC00ED160A /* KVOViewController.m */; };
		143F44A92491F0E700ED160A /* DetailViewController.m in Sources */ = {isa = PBXBuildFile; fileRef = 143F44A82491F0E700ED160A /* DetailViewController.m */; };
		1458F835249DDF70007555EF /* NSArray+Ext.m in Sources */ = {isa = PBXBuildFile; fileRef = 1458F834249DDF70007555EF /* NSArray+Ext.m */; };
		1461E0DC23989F5C0078EB79 /* AppDelegate.m in Sources */ = {isa = PBXBuildFile; fileRef = 1461E0DB23989F5C0078EB79 /* AppDelegate.m */; };
		1461E0DF23989F5C0078EB79 /* SceneDelegate.m in Sources */ = {isa = PBXBuildFile; fileRef = 1461E0DE23989F5C0078EB79 /* SceneDelegate.m */; };
		1461E0E723989F5C0078EB79 /* Assets.xcassets in Resources */ = {isa = PBXBuildFile; fileRef = 1461E0E623989F5C0078EB79 /* Assets.xcassets */; };
		1461E0EA23989F5C0078EB79 /* LaunchScreen.storyboard in Resources */ = {isa = PBXBuildFile; fileRef = 1461E0E823989F5C0078EB79 /* LaunchScreen.storyboard */; };
		1461E0ED23989F5C0078EB79 /* main.m in Sources */ = {isa = PBXBuildFile; fileRef = 1461E0EC23989F5C0078EB79 /* main.m */; };
		1461E0FD2398A09C0078EB79 /* UIApplication+Helper.swift in Sources */ = {isa = PBXBuildFile; fileRef = 1461E0FC2398A09C0078EB79 /* UIApplication+Helper.swift */; };
		1461E1002398A1710078EB79 /* HomeViewController.m in Sources */ = {isa = PBXBuildFile; fileRef = 1461E0FF2398A1710078EB79 /* HomeViewController.m */; };
		1461E1022398ADA40078EB79 /* MainViewController.swift in Sources */ = {isa = PBXBuildFile; fileRef = 1461E1012398ADA40078EB79 /* MainViewController.swift */; };
		1479D62A24483E8C007F7CC4 /* TextViewTapController.m in Sources */ = {isa = PBXBuildFile; fileRef = 1479D62824483E8B007F7CC4 /* TextViewTapController.m */; };
		14E3658124A471FE00B61850 /* UIView+Ext.m in Sources */ = {isa = PBXBuildFile; fileRef = 14E3658024A471FE00B61850 /* UIView+Ext.m */; };
		14E3659424A47EC400B61850 /* NXButton.m in Sources */ = {isa = PBXBuildFile; fileRef = 14E3659324A47EC400B61850 /* NXButton.m */; };
		14E365AE24A48FA600B61850 /* SudokuViewController.m in Sources */ = {isa = PBXBuildFile; fileRef = 14E365AD24A48FA600B61850 /* SudokuViewController.m */; };
		14E365BA24A49C7000B61850 /* UIImage+Ext.m in Sources */ = {isa = PBXBuildFile; fileRef = 14E365B924A49C7000B61850 /* UIImage+Ext.m */; };
		14E365BD24A49CCC00B61850 /* UIButton+Ext.m in Sources */ = {isa = PBXBuildFile; fileRef = 14E365BC24A49CCC00B61850 /* UIButton+Ext.m */; };
		14FE3C30245A815D006B14D4 /* UIModalPresentationStyleController.swift in Sources */ = {isa = PBXBuildFile; fileRef = 14FE3C2F245A815D006B14D4 /* UIModalPresentationStyleController.swift */; };
		E036A4DAC63BD4DA8A69800A /* Pods_Xcode11Project.framework in Frameworks */ = {isa = PBXBuildFile; fileRef = 3EB9E409BE34999956F432DA /* Pods_Xcode11Project.framework */; };
/* End PBXBuildFile section */

/* Begin PBXFileReference section */
		14305D502465037100B4CB3F /* NSDate+Helper.swift */ = {isa = PBXFileReference; fileEncoding = 4; lastKnownFileType = sourcecode.swift; path = "NSDate+Helper.swift"; sourceTree = "<group>"; };
		143F449D2491DC6500ED160A /* Macro.h */ = {isa = PBXFileReference; lastKnownFileType = sourcecode.c.h; path = Macro.h; sourceTree = "<group>"; };
		143F449E2491DCAC00ED160A /* Person.h */ = {isa = PBXFileReference; lastKnownFileType = sourcecode.c.h; path = Person.h; sourceTree = "<group>"; };
		143F449F2491DCAC00ED160A /* Person.m */ = {isa = PBXFileReference; lastKnownFileType = sourcecode.c.objc; path = Person.m; sourceTree = "<group>"; };
		143F44A12491E83600ED160A /* NSObject+KVO.h */ = {isa = PBXFileReference; fileEncoding = 4; lastKnownFileType = sourcecode.c.h; path = "NSObject+KVO.h"; sourceTree = "<group>"; };
		143F44A22491E83600ED160A /* NSObject+KVO.m */ = {isa = PBXFileReference; fileEncoding = 4; lastKnownFileType = sourcecode.c.objc; path = "NSObject+KVO.m"; sourceTree = "<group>"; };
		143F44A42491F0BC00ED160A /* KVOViewController.h */ = {isa = PBXFileReference; lastKnownFileType = sourcecode.c.h; path = KVOViewController.h; sourceTree = "<group>"; };
		143F44A52491F0BC00ED160A /* KVOViewController.m */ = {isa = PBXFileReference; lastKnownFileType = sourcecode.c.objc; path = KVOViewController.m; sourceTree = "<group>"; };
		143F44A72491F0E700ED160A /* DetailViewController.h */ = {isa = PBXFileReference; lastKnownFileType = sourcecode.c.h; path = DetailViewController.h; sourceTree = "<group>"; };
		143F44A82491F0E700ED160A /* DetailViewController.m */ = {isa = PBXFileReference; lastKnownFileType = sourcecode.c.objc; path = DetailViewController.m; sourceTree = "<group>"; };
		143F90374D98857ECCA6FBE6 /* Pods-Xcode11Project.debug.xcconfig */ = {isa = PBXFileReference; includeInIndex = 1; lastKnownFileType = text.xcconfig; name = "Pods-Xcode11Project.debug.xcconfig"; path = "Target Support Files/Pods-Xcode11Project/Pods-Xcode11Project.debug.xcconfig"; sourceTree = "<group>"; };
		1458F833249DDF6F007555EF /* NSArray+Ext.h */ = {isa = PBXFileReference; lastKnownFileType = sourcecode.c.h; path = "NSArray+Ext.h"; sourceTree = "<group>"; };
		1458F834249DDF70007555EF /* NSArray+Ext.m */ = {isa = PBXFileReference; lastKnownFileType = sourcecode.c.objc; path = "NSArray+Ext.m"; sourceTree = "<group>"; };
		1461E0D723989F5C0078EB79 /* Xcode11Project.app */ = {isa = PBXFileReference; explicitFileType = wrapper.application; includeInIndex = 0; path = Xcode11Project.app; sourceTree = BUILT_PRODUCTS_DIR; };
		1461E0DA23989F5C0078EB79 /* AppDelegate.h */ = {isa = PBXFileReference; lastKnownFileType = sourcecode.c.h; path = AppDelegate.h; sourceTree = "<group>"; };
		1461E0DB23989F5C0078EB79 /* AppDelegate.m */ = {isa = PBXFileReference; lastKnownFileType = sourcecode.c.objc; path = AppDelegate.m; sourceTree = "<group>"; };
		1461E0DD23989F5C0078EB79 /* SceneDelegate.h */ = {isa = PBXFileReference; lastKnownFileType = sourcecode.c.h; path = SceneDelegate.h; sourceTree = "<group>"; };
		1461E0DE23989F5C0078EB79 /* SceneDelegate.m */ = {isa = PBXFileReference; lastKnownFileType = sourcecode.c.objc; path = SceneDelegate.m; sourceTree = "<group>"; };
		1461E0E623989F5C0078EB79 /* Assets.xcassets */ = {isa = PBXFileReference; lastKnownFileType = folder.assetcatalog; path = Assets.xcassets; sourceTree = "<group>"; };
		1461E0E923989F5C0078EB79 /* Base */ = {isa = PBXFileReference; lastKnownFileType = file.storyboard; name = Base; path = Base.lproj/LaunchScreen.storyboard; sourceTree = "<group>"; };
		1461E0EB23989F5C0078EB79 /* Info.plist */ = {isa = PBXFileReference; lastKnownFileType = text.plist.xml; path = Info.plist; sourceTree = "<group>"; };
		1461E0EC23989F5C0078EB79 /* main.m */ = {isa = PBXFileReference; lastKnownFileType = sourcecode.c.objc; path = main.m; sourceTree = "<group>"; };
		1461E0F92398A0850078EB79 /* Xcode11Project-Bridging-Header.h */ = {isa = PBXFileReference; lastKnownFileType = sourcecode.c.h; path = "Xcode11Project-Bridging-Header.h"; sourceTree = "<group>"; };
		1461E0FC2398A09C0078EB79 /* UIApplication+Helper.swift */ = {isa = PBXFileReference; lastKnownFileType = sourcecode.swift; path = "UIApplication+Helper.swift"; sourceTree = "<group>"; };
		1461E0FE2398A1710078EB79 /* HomeViewController.h */ = {isa = PBXFileReference; lastKnownFileType = sourcecode.c.h; path = HomeViewController.h; sourceTree = "<group>"; };
		1461E0FF2398A1710078EB79 /* HomeViewController.m */ = {isa = PBXFileReference; lastKnownFileType = sourcecode.c.objc; path = HomeViewController.m; sourceTree = "<group>"; };
		1461E1012398ADA40078EB79 /* MainViewController.swift */ = {isa = PBXFileReference; lastKnownFileType = sourcecode.swift; path = MainViewController.swift; sourceTree = "<group>"; };
		1479D62824483E8B007F7CC4 /* TextViewTapController.m */ = {isa = PBXFileReference; fileEncoding = 4; lastKnownFileType = sourcecode.c.objc; path = TextViewTapController.m; sourceTree = "<group>"; };
		1479D62924483E8B007F7CC4 /* TextViewTapController.h */ = {isa = PBXFileReference; fileEncoding = 4; lastKnownFileType = sourcecode.c.h; path = TextViewTapController.h; sourceTree = "<group>"; };
		14E3657F24A471FE00B61850 /* UIView+Ext.h */ = {isa = PBXFileReference; lastKnownFileType = sourcecode.c.h; path = "UIView+Ext.h"; sourceTree = "<group>"; };
		14E3658024A471FE00B61850 /* UIView+Ext.m */ = {isa = PBXFileReference; lastKnownFileType = sourcecode.c.objc; path = "UIView+Ext.m"; sourceTree = "<group>"; };
		14E3659224A47EC400B61850 /* NXButton.h */ = {isa = PBXFileReference; lastKnownFileType = sourcecode.c.h; path = NXButton.h; sourceTree = "<group>"; };
		14E3659324A47EC400B61850 /* NXButton.m */ = {isa = PBXFileReference; lastKnownFileType = sourcecode.c.objc; path = NXButton.m; sourceTree = "<group>"; };
		14E365AC24A48FA600B61850 /* SudokuViewController.h */ = {isa = PBXFileReference; lastKnownFileType = sourcecode.c.h; path = SudokuViewController.h; sourceTree = "<group>"; };
		14E365AD24A48FA600B61850 /* SudokuViewController.m */ = {isa = PBXFileReference; lastKnownFileType = sourcecode.c.objc; path = SudokuViewController.m; sourceTree = "<group>"; };
		14E365B824A49C7000B61850 /* UIImage+Ext.h */ = {isa = PBXFileReference; lastKnownFileType = sourcecode.c.h; path = "UIImage+Ext.h"; sourceTree = "<group>"; };
		14E365B924A49C7000B61850 /* UIImage+Ext.m */ = {isa = PBXFileReference; lastKnownFileType = sourcecode.c.objc; path = "UIImage+Ext.m"; sourceTree = "<group>"; };
		14E365BB24A49CCC00B61850 /* UIButton+Ext.h */ = {isa = PBXFileReference; lastKnownFileType = sourcecode.c.h; path = "UIButton+Ext.h"; sourceTree = "<group>"; };
		14E365BC24A49CCC00B61850 /* UIButton+Ext.m */ = {isa = PBXFileReference; lastKnownFileType = sourcecode.c.objc; path = "UIButton+Ext.m"; sourceTree = "<group>"; };
		14FE3C2F245A815D006B14D4 /* UIModalPresentationStyleController.swift */ = {isa = PBXFileReference; fileEncoding = 4; lastKnownFileType = sourcecode.swift; path = UIModalPresentationStyleController.swift; sourceTree = "<group>"; };
		3EB9E409BE34999956F432DA /* Pods_Xcode11Project.framework */ = {isa = PBXFileReference; explicitFileType = wrapper.framework; includeInIndex = 0; path = Pods_Xcode11Project.framework; sourceTree = BUILT_PRODUCTS_DIR; };
		7FE0F41CA356B6039C933EB3 /* Pods-Xcode11Project.release.xcconfig */ = {isa = PBXFileReference; includeInIndex = 1; lastKnownFileType = text.xcconfig; name = "Pods-Xcode11Project.release.xcconfig"; path = "Target Support Files/Pods-Xcode11Project/Pods-Xcode11Project.release.xcconfig"; sourceTree = "<group>"; };
/* End PBXFileReference section */

/* Begin PBXFrameworksBuildPhase section */
		1461E0D423989F5C0078EB79 /* Frameworks */ = {
			isa = PBXFrameworksBuildPhase;
			buildActionMask = 2147483647;
			files = (
				E036A4DAC63BD4DA8A69800A /* Pods_Xcode11Project.framework in Frameworks */,
			);
			runOnlyForDeploymentPostprocessing = 0;
		};
/* End PBXFrameworksBuildPhase section */

/* Begin PBXGroup section */
		1461E0CE23989F5C0078EB79 = {
			isa = PBXGroup;
			children = (
				1461E0D923989F5C0078EB79 /* Xcode11Project */,
				1461E0D823989F5C0078EB79 /* Products */,
				D0BE3D209128DEE41ED94518 /* Pods */,
				A170586A4A38DD4A28FF1E21 /* Frameworks */,
			);
			sourceTree = "<group>";
		};
		1461E0D823989F5C0078EB79 /* Products */ = {
			isa = PBXGroup;
			children = (
				1461E0D723989F5C0078EB79 /* Xcode11Project.app */,
			);
			name = Products;
			sourceTree = "<group>";
		};
		1461E0D923989F5C0078EB79 /* Xcode11Project */ = {
			isa = PBXGroup;
			children = (
				1461E0DA23989F5C0078EB79 /* AppDelegate.h */,
				1461E0DB23989F5C0078EB79 /* AppDelegate.m */,
				1461E0DD23989F5C0078EB79 /* SceneDelegate.h */,
				1461E0DE23989F5C0078EB79 /* SceneDelegate.m */,
				1461E0FE2398A1710078EB79 /* HomeViewController.h */,
				1461E0FF2398A1710078EB79 /* HomeViewController.m */,
				14E365AC24A48FA600B61850 /* SudokuViewController.h */,
				14E365AD24A48FA600B61850 /* SudokuViewController.m */,
				143F44A72491F0E700ED160A /* DetailViewController.h */,
				143F44A82491F0E700ED160A /* DetailViewController.m */,
				143F44A42491F0BC00ED160A /* KVOViewController.h */,
				143F44A52491F0BC00ED160A /* KVOViewController.m */,
				1479D62924483E8B007F7CC4 /* TextViewTapController.h */,
				1479D62824483E8B007F7CC4 /* TextViewTapController.m */,
				14FE3C2F245A815D006B14D4 /* UIModalPresentationStyleController.swift */,
				1461E1012398ADA40078EB79 /* MainViewController.swift */,
				1461E0FC2398A09C0078EB79 /* UIApplication+Helper.swift */,
				14305D502465037100B4CB3F /* NSDate+Helper.swift */,
				14E365B824A49C7000B61850 /* UIImage+Ext.h */,
				14E365B924A49C7000B61850 /* UIImage+Ext.m */,
				14E365BB24A49CCC00B61850 /* UIButton+Ext.h */,
				14E365BC24A49CCC00B61850 /* UIButton+Ext.m */,
				14E3657F24A471FE00B61850 /* UIView+Ext.h */,
				14E3658024A471FE00B61850 /* UIView+Ext.m */,
				1458F833249DDF6F007555EF /* NSArray+Ext.h */,
				1458F834249DDF70007555EF /* NSArray+Ext.m */,
				143F44A12491E83600ED160A /* NSObject+KVO.h */,
				143F44A22491E83600ED160A /* NSObject+KVO.m */,
				14E3659224A47EC400B61850 /* NXButton.h */,
				14E3659324A47EC400B61850 /* NXButton.m */,
				143F449E2491DCAC00ED160A /* Person.h */,
				143F449F2491DCAC00ED160A /* Person.m */,
				143F449D2491DC6500ED160A /* Macro.h */,
				1461E0E623989F5C0078EB79 /* Assets.xcassets */,
				1461E0E823989F5C0078EB79 /* LaunchScreen.storyboard */,
				1461E0EB23989F5C0078EB79 /* Info.plist */,
				1461E0EC23989F5C0078EB79 /* main.m */,
				1461E0F92398A0850078EB79 /* Xcode11Project-Bridging-Header.h */,
			);
			path = Xcode11Project;
			sourceTree = "<group>";
		};
		A170586A4A38DD4A28FF1E21 /* Frameworks */ = {
			isa = PBXGroup;
			children = (
				3EB9E409BE34999956F432DA /* Pods_Xcode11Project.framework */,
			);
			name = Frameworks;
			sourceTree = "<group>";
		};
		D0BE3D209128DEE41ED94518 /* Pods */ = {
			isa = PBXGroup;
			children = (
				143F90374D98857ECCA6FBE6 /* Pods-Xcode11Project.debug.xcconfig */,
				7FE0F41CA356B6039C933EB3 /* Pods-Xcode11Project.release.xcconfig */,
			);
			path = Pods;
			sourceTree = "<group>";
		};
/* End PBXGroup section */

/* Begin PBXNativeTarget section */
		1461E0D623989F5C0078EB79 /* Xcode11Project */ = {
			isa = PBXNativeTarget;
			buildConfigurationList = 1461E0F023989F5C0078EB79 /* Build configuration list for PBXNativeTarget "Xcode11Project" */;
			buildPhases = (
				5FF19CB757485F58B683439C /* [CP] Check Pods Manifest.lock */,
				1461E0D323989F5C0078EB79 /* Sources */,
				1461E0D423989F5C0078EB79 /* Frameworks */,
				1461E0D523989F5C0078EB79 /* Resources */,
				79AB93733C0F69A1F22F212A /* [CP] Embed Pods Frameworks */,
			);
			buildRules = (
			);
			dependencies = (
			);
			name = Xcode11Project;
			productName = Xcode11Project;
			productReference = 1461E0D723989F5C0078EB79 /* Xcode11Project.app */;
			productType = "com.apple.product-type.application";
		};
/* End PBXNativeTarget section */

/* Begin PBXProject section */
		1461E0CF23989F5C0078EB79 /* Project object */ = {
			isa = PBXProject;
			attributes = {
				LastUpgradeCheck = 1110;
				ORGANIZATIONNAME = "Bin Shang";
				TargetAttributes = {
					1461E0D623989F5C0078EB79 = {
						CreatedOnToolsVersion = 11.1;
						LastSwiftMigration = 1110;
					};
				};
			};
			buildConfigurationList = 1461E0D223989F5C0078EB79 /* Build configuration list for PBXProject "Xcode11Project" */;
			compatibilityVersion = "Xcode 9.3";
			developmentRegion = en;
			hasScannedForEncodings = 0;
			knownRegions = (
				en,
				Base,
			);
			mainGroup = 1461E0CE23989F5C0078EB79;
			productRefGroup = 1461E0D823989F5C0078EB79 /* Products */;
			projectDirPath = "";
			projectRoot = "";
			targets = (
				1461E0D623989F5C0078EB79 /* Xcode11Project */,
			);
		};
/* End PBXProject section */

/* Begin PBXResourcesBuildPhase section */
		1461E0D523989F5C0078EB79 /* Resources */ = {
			isa = PBXResourcesBuildPhase;
			buildActionMask = 2147483647;
			files = (
				1461E0EA23989F5C0078EB79 /* LaunchScreen.storyboard in Resources */,
				1461E0E723989F5C0078EB79 /* Assets.xcassets in Resources */,
			);
			runOnlyForDeploymentPostprocessing = 0;
		};
/* End PBXResourcesBuildPhase section */

/* Begin PBXShellScriptBuildPhase section */
		5FF19CB757485F58B683439C /* [CP] Check Pods Manifest.lock */ = {
			isa = PBXShellScriptBuildPhase;
			buildActionMask = 2147483647;
			files = (
			);
			inputFileListPaths = (
			);
			inputPaths = (
				"${PODS_PODFILE_DIR_PATH}/Podfile.lock",
				"${PODS_ROOT}/Manifest.lock",
			);
			name = "[CP] Check Pods Manifest.lock";
			outputFileListPaths = (
			);
			outputPaths = (
				"$(DERIVED_FILE_DIR)/Pods-Xcode11Project-checkManifestLockResult.txt",
			);
			runOnlyForDeploymentPostprocessing = 0;
			shellPath = /bin/sh;
			shellScript = "diff \"${PODS_PODFILE_DIR_PATH}/Podfile.lock\" \"${PODS_ROOT}/Manifest.lock\" > /dev/null\nif [ $? != 0 ] ; then\n    # print error to STDERR\n    echo \"error: The sandbox is not in sync with the Podfile.lock. Run 'pod install' or update your CocoaPods installation.\" >&2\n    exit 1\nfi\n# This output is used by Xcode 'outputs' to avoid re-running this script phase.\necho \"SUCCESS\" > \"${SCRIPT_OUTPUT_FILE_0}\"\n";
			showEnvVarsInLog = 0;
		};
		79AB93733C0F69A1F22F212A /* [CP] Embed Pods Frameworks */ = {
			isa = PBXShellScriptBuildPhase;
			buildActionMask = 2147483647;
			files = (
			);
			inputFileListPaths = (
				"${PODS_ROOT}/Target Support Files/Pods-Xcode11Project/Pods-Xcode11Project-frameworks-${CONFIGURATION}-input-files.xcfilelist",
			);
			name = "[CP] Embed Pods Frameworks";
			outputFileListPaths = (
				"${PODS_ROOT}/Target Support Files/Pods-Xcode11Project/Pods-Xcode11Project-frameworks-${CONFIGURATION}-output-files.xcfilelist",
			);
			runOnlyForDeploymentPostprocessing = 0;
			shellPath = /bin/sh;
			shellScript = "\"${PODS_ROOT}/Target Support Files/Pods-Xcode11Project/Pods-Xcode11Project-frameworks.sh\"\n";
			showEnvVarsInLog = 0;
		};
/* End PBXShellScriptBuildPhase section */

/* Begin PBXSourcesBuildPhase section */
		1461E0D323989F5C0078EB79 /* Sources */ = {
			isa = PBXSourcesBuildPhase;
			buildActionMask = 2147483647;
			files = (
				1461E0FD2398A09C0078EB79 /* UIApplication+Helper.swift in Sources */,
				143F44A32491E83600ED160A /* NSObject+KVO.m in Sources */,
				14E365BD24A49CCC00B61850 /* UIButton+Ext.m in Sources */,
				1461E0DC23989F5C0078EB79 /* AppDelegate.m in Sources */,
				143F44A02491DCAC00ED160A /* Person.m in Sources */,
				1458F835249DDF70007555EF /* NSArray+Ext.m in Sources */,
				1461E0ED23989F5C0078EB79 /* main.m in Sources */,
				143F44A62491F0BC00ED160A /* KVOViewController.m in Sources */,
				1461E1002398A1710078EB79 /* HomeViewController.m in Sources */,
				1461E0DF23989F5C0078EB79 /* SceneDelegate.m in Sources */,
				14E365BA24A49C7000B61850 /* UIImage+Ext.m in Sources */,
				1479D62A24483E8C007F7CC4 /* TextViewTapController.m in Sources */,
				143F44A92491F0E700ED160A /* DetailViewController.m in Sources */,
				14E3658124A471FE00B61850 /* UIView+Ext.m in Sources */,
				14305D512465037100B4CB3F /* NSDate+Helper.swift in Sources */,
				1461E1022398ADA40078EB79 /* MainViewController.swift in Sources */,
				14E365AE24A48FA600B61850 /* SudokuViewController.m in Sources */,
				14FE3C30245A815D006B14D4 /* UIModalPresentationStyleController.swift in Sources */,
				14E3659424A47EC400B61850 /* NXButton.m in Sources */,
			);
			runOnlyForDeploymentPostprocessing = 0;
		};
/* End PBXSourcesBuildPhase section */

/* Begin PBXVariantGroup section */
		1461E0E823989F5C0078EB79 /* LaunchScreen.storyboard */ = {
			isa = PBXVariantGroup;
			children = (
				1461E0E923989F5C0078EB79 /* Base */,
			);
			name = LaunchScreen.storyboard;
			sourceTree = "<group>";
		};
/* End PBXVariantGroup section */

/* Begin XCBuildConfiguration section */
		1461E0EE23989F5C0078EB79 /* Debug */ = {
			isa = XCBuildConfiguration;
			buildSettings = {
				ALWAYS_SEARCH_USER_PATHS = NO;
				CLANG_ANALYZER_NONNULL = YES;
				CLANG_ANALYZER_NUMBER_OBJECT_CONVERSION = YES_AGGRESSIVE;
				CLANG_CXX_LANGUAGE_STANDARD = "gnu++14";
				CLANG_CXX_LIBRARY = "libc++";
				CLANG_ENABLE_MODULES = YES;
				CLANG_ENABLE_OBJC_ARC = YES;
				CLANG_ENABLE_OBJC_WEAK = YES;
				CLANG_WARN_BLOCK_CAPTURE_AUTORELEASING = YES;
				CLANG_WARN_BOOL_CONVERSION = YES;
				CLANG_WARN_COMMA = YES;
				CLANG_WARN_CONSTANT_CONVERSION = YES;
				CLANG_WARN_DEPRECATED_OBJC_IMPLEMENTATIONS = YES;
				CLANG_WARN_DIRECT_OBJC_ISA_USAGE = YES_ERROR;
				CLANG_WARN_DOCUMENTATION_COMMENTS = YES;
				CLANG_WARN_EMPTY_BODY = YES;
				CLANG_WARN_ENUM_CONVERSION = YES;
				CLANG_WARN_INFINITE_RECURSION = YES;
				CLANG_WARN_INT_CONVERSION = YES;
				CLANG_WARN_NON_LITERAL_NULL_CONVERSION = YES;
				CLANG_WARN_OBJC_IMPLICIT_RETAIN_SELF = YES;
				CLANG_WARN_OBJC_LITERAL_CONVERSION = YES;
				CLANG_WARN_OBJC_ROOT_CLASS = YES_ERROR;
				CLANG_WARN_RANGE_LOOP_ANALYSIS = YES;
				CLANG_WARN_STRICT_PROTOTYPES = YES;
				CLANG_WARN_SUSPICIOUS_MOVE = YES;
				CLANG_WARN_UNGUARDED_AVAILABILITY = YES_AGGRESSIVE;
				CLANG_WARN_UNREACHABLE_CODE = YES;
				CLANG_WARN__DUPLICATE_METHOD_MATCH = YES;
				COPY_PHASE_STRIP = NO;
				DEBUG_INFORMATION_FORMAT = dwarf;
				ENABLE_STRICT_OBJC_MSGSEND = YES;
				ENABLE_TESTABILITY = YES;
				GCC_C_LANGUAGE_STANDARD = gnu11;
				GCC_DYNAMIC_NO_PIC = NO;
				GCC_NO_COMMON_BLOCKS = YES;
				GCC_OPTIMIZATION_LEVEL = 0;
				GCC_PREPROCESSOR_DEFINITIONS = (
					"DEBUG=1",
					"$(inherited)",
				);
				GCC_WARN_64_TO_32_BIT_CONVERSION = YES;
				GCC_WARN_ABOUT_RETURN_TYPE = YES_ERROR;
				GCC_WARN_UNDECLARED_SELECTOR = YES;
				GCC_WARN_UNINITIALIZED_AUTOS = YES_AGGRESSIVE;
				GCC_WARN_UNUSED_FUNCTION = YES;
				GCC_WARN_UNUSED_VARIABLE = YES;
				IPHONEOS_DEPLOYMENT_TARGET = 13.1;
				MTL_ENABLE_DEBUG_INFO = INCLUDE_SOURCE;
				MTL_FAST_MATH = YES;
				ONLY_ACTIVE_ARCH = YES;
				SDKROOT = iphoneos;
			};
			name = Debug;
		};
		1461E0EF23989F5C0078EB79 /* Release */ = {
			isa = XCBuildConfiguration;
			buildSettings = {
				ALWAYS_SEARCH_USER_PATHS = NO;
				CLANG_ANALYZER_NONNULL = YES;
				CLANG_ANALYZER_NUMBER_OBJECT_CONVERSION = YES_AGGRESSIVE;
				CLANG_CXX_LANGUAGE_STANDARD = "gnu++14";
				CLANG_CXX_LIBRARY = "libc++";
				CLANG_ENABLE_MODULES = YES;
				CLANG_ENABLE_OBJC_ARC = YES;
				CLANG_ENABLE_OBJC_WEAK = YES;
				CLANG_WARN_BLOCK_CAPTURE_AUTORELEASING = YES;
				CLANG_WARN_BOOL_CONVERSION = YES;
				CLANG_WARN_COMMA = YES;
				CLANG_WARN_CONSTANT_CONVERSION = YES;
				CLANG_WARN_DEPRECATED_OBJC_IMPLEMENTATIONS = YES;
				CLANG_WARN_DIRECT_OBJC_ISA_USAGE = YES_ERROR;
				CLANG_WARN_DOCUMENTATION_COMMENTS = YES;
				CLANG_WARN_EMPTY_BODY = YES;
				CLANG_WARN_ENUM_CONVERSION = YES;
				CLANG_WARN_INFINITE_RECURSION = YES;
				CLANG_WARN_INT_CONVERSION = YES;
				CLANG_WARN_NON_LITERAL_NULL_CONVERSION = YES;
				CLANG_WARN_OBJC_IMPLICIT_RETAIN_SELF = YES;
				CLANG_WARN_OBJC_LITERAL_CONVERSION = YES;
				CLANG_WARN_OBJC_ROOT_CLASS = YES_ERROR;
				CLANG_WARN_RANGE_LOOP_ANALYSIS = YES;
				CLANG_WARN_STRICT_PROTOTYPES = YES;
				CLANG_WARN_SUSPICIOUS_MOVE = YES;
				CLANG_WARN_UNGUARDED_AVAILABILITY = YES_AGGRESSIVE;
				CLANG_WARN_UNREACHABLE_CODE = YES;
				CLANG_WARN__DUPLICATE_METHOD_MATCH = YES;
				COPY_PHASE_STRIP = NO;
				DEBUG_INFORMATION_FORMAT = "dwarf-with-dsym";
				ENABLE_NS_ASSERTIONS = NO;
				ENABLE_STRICT_OBJC_MSGSEND = YES;
				GCC_C_LANGUAGE_STANDARD = gnu11;
				GCC_NO_COMMON_BLOCKS = YES;
				GCC_WARN_64_TO_32_BIT_CONVERSION = YES;
				GCC_WARN_ABOUT_RETURN_TYPE = YES_ERROR;
				GCC_WARN_UNDECLARED_SELECTOR = YES;
				GCC_WARN_UNINITIALIZED_AUTOS = YES_AGGRESSIVE;
				GCC_WARN_UNUSED_FUNCTION = YES;
				GCC_WARN_UNUSED_VARIABLE = YES;
				IPHONEOS_DEPLOYMENT_TARGET = 13.1;
				MTL_ENABLE_DEBUG_INFO = NO;
				MTL_FAST_MATH = YES;
				SDKROOT = iphoneos;
				VALIDATE_PRODUCT = YES;
			};
			name = Release;
		};
		1461E0F123989F5C0078EB79 /* Debug */ = {
			isa = XCBuildConfiguration;
			baseConfigurationReference = 143F90374D98857ECCA6FBE6 /* Pods-Xcode11Project.debug.xcconfig */;
			buildSettings = {
				ASSETCATALOG_COMPILER_APPICON_NAME = AppIcon;
				CLANG_ENABLE_MODULES = YES;
				CODE_SIGN_STYLE = Automatic;
				DEVELOPMENT_TEAM = 7MZ7RFU5WU;
				INFOPLIST_FILE = Xcode11Project/Info.plist;
				IPHONEOS_DEPLOYMENT_TARGET = 9.0;
				LD_RUNPATH_SEARCH_PATHS = (
					"$(inherited)",
					"@executable_path/Frameworks",
				);
				PRODUCT_BUNDLE_IDENTIFIER = AAA.Xcode11Project;
				PRODUCT_NAME = "$(TARGET_NAME)";
				SWIFT_OBJC_BRIDGING_HEADER = "Xcode11Project/Xcode11Project-Bridging-Header.h";
				SWIFT_OPTIMIZATION_LEVEL = "-Onone";
				SWIFT_VERSION = 5.0;
				TARGETED_DEVICE_FAMILY = "1,2";
			};
			name = Debug;
		};
		1461E0F223989F5C0078EB79 /* Release */ = {
			isa = XCBuildConfiguration;
			baseConfigurationReference = 7FE0F41CA356B6039C933EB3 /* Pods-Xcode11Project.release.xcconfig */;
			buildSettings = {
				ASSETCATALOG_COMPILER_APPICON_NAME = AppIcon;
				CLANG_ENABLE_MODULES = YES;
				CODE_SIGN_STYLE = Automatic;
				DEVELOPMENT_TEAM = 7MZ7RFU5WU;
				INFOPLIST_FILE = Xcode11Project/Info.plist;
				IPHONEOS_DEPLOYMENT_TARGET = 9.0;
				LD_RUNPATH_SEARCH_PATHS = (
					"$(inherited)",
					"@executable_path/Frameworks",
				);
				PRODUCT_BUNDLE_IDENTIFIER = AAA.Xcode11Project;
				PRODUCT_NAME = "$(TARGET_NAME)";
				SWIFT_OBJC_BRIDGING_HEADER = "Xcode11Project/Xcode11Project-Bridging-Header.h";
				SWIFT_VERSION = 5.0;
				TARGETED_DEVICE_FAMILY = "1,2";
			};
			name = Release;
		};
/* End XCBuildConfiguration section */

/* Begin XCConfigurationList section */
		1461E0D223989F5C0078EB79 /* Build configuration list for PBXProject "Xcode11Project" */ = {
			isa = XCConfigurationList;
			buildConfigurations = (
				1461E0EE23989F5C0078EB79 /* Debug */,
				1461E0EF23989F5C0078EB79 /* Release */,
			);
			defaultConfigurationIsVisible = 0;
			defaultConfigurationName = Release;
		};
		1461E0F023989F5C0078EB79 /* Build configuration list for PBXNativeTarget "Xcode11Project" */ = {
			isa = XCConfigurationList;
			buildConfigurations = (
				1461E0F123989F5C0078EB79 /* Debug */,
				1461E0F223989F5C0078EB79 /* Release */,
			);
			defaultConfigurationIsVisible = 0;
			defaultConfigurationName = Release;
		};
/* End XCConfigurationList section */
	};
	rootObject = 1461E0CF23989F5C0078EB79 /* Project object */;
}
